# This file was autogenerated by Stack.
# You should not edit this file by hand.
# For more information, please see the documentation at:
#   https://docs.haskellstack.org/en/stable/lock_files

packages:
- completed:
    hackage: derivingvia-extras-0.1.0.0@sha256:36f1bbdffd936678d115bd81d1ab65786ec220d5ae8ca2e7bffb99d8545befd7,1086
    pantry-tree:
      sha256: 881044eb8e166abedd2aae50e7a8bafa780c6d88e03f5e4e19c6e7125d154dac
      size: 321
  original:
    hackage: derivingvia-extras-0.1.0.0@sha256:36f1bbdffd936678d115bd81d1ab65786ec220d5ae8ca2e7bffb99d8545befd7,1086
snapshots:
- completed:
    sha256: 8e7996960d864443a66eb4105338bbdd6830377b9f6f99cd5527ef73c10c01e7
    size: 719128
    url: https://raw.githubusercontent.com/commercialhaskell/stackage-snapshots/master/lts/22/26.yaml
  original: lts-22.26
